
Microsoft Visual Studio Solution File, Format Version 12.00
# Visual Studio Version 17
VisualStudioVersion = 17.5.33530.505
MinimumVisualStudioVersion = 10.0.40219.1
Project("{9A19103F-16F7-4668-BE54-9A1E7A4F7556}") = "BattleFleet", "BattleFleet\BattleFleet.csproj", "{F91FC78E-F75D-4019-B700-B5E858D6F38B}"
EndProject
Project("{FAE04EC0-301F-11D3-BF4B-00C04F79EFBC}") = "BattleFleet.Tests", "BattleFleet.Tests\BattleFleet.Tests.csproj", "{5E3C9FE2-B9F6-4F30-A302-753434AA0EEF}"
EndProject
Global
	GlobalSection(SolutionConfigurationPlatforms) = preSolution
		Debug|Any CPU = Debug|Any CPU
		Release|Any CPU = Release|Any CPU
	EndGlobalSection
	GlobalSection(ProjectConfigurationPlatforms) = postSolution
		{F91FC78E-F75D-4019-B700-B5E858D6F38B}.Debug|Any CPU.ActiveCfg = Debug|Any CPU
		{F91FC78E-F75D-4019-B700-B5E858D6F38B}.Debug|Any CPU.Build.0 = Debug|Any CPU
		{F91FC78E-F75D-4019-B700-B5E858D6F38B}.Release|Any CPU.ActiveCfg = Release|Any CPU
		{F91FC78E-F75D-4019-B700-B5E858D6F38B}.Release|Any CPU.Build.0 = Release|Any CPU
		{5E3C9FE2-B9F6-4F30-A302-753434AA0EEF}.Debug|Any CPU.ActiveCfg = Debug|Any CPU
		{5E3C9FE2-B9F6-4F30-A302-753434AA0EEF}.Debug|Any CPU.Build.0 = Debug|Any CPU
		{5E3C9FE2-B9F6-4F30-A302-753434AA0EEF}.Release|Any CPU.ActiveCfg = Release|Any CPU
		{5E3C9FE2-B9F6-4F30-A302-753434AA0EEF}.Release|Any CPU.Build.0 = Release|Any CPU
	EndGlobalSection
	GlobalSection(SolutionProperties) = preSolution
		HideSolutionNode = FALSE
	EndGlobalSection
	GlobalSection(ExtensibilityGlobals) = postSolution
		SolutionGuid = {08CECC2D-72F2-4C6F-9661-53A6DF4497E1}
	EndGlobalSection
EndGlobal
